
Microsoft Visual Studio Solution File, Format Version 12.00
# Visual Studio Version 17
VisualStudioVersion = 17.6.33723.286
MinimumVisualStudioVersion = 10.0.40219.1
Project("{9A19103F-16F7-4668-BE54-9A1E7A4F7556}") = "SampleStarterKit.Models", "SampleStarterKit.Models\SampleStarterKit.Models.csproj", "{5D7567A8-6F57-4889-AE61-06C3CCB49519}"
EndProject
Project("{9A19103F-16F7-4668-BE54-9A1E7A4F7556}") = "SampleStarterKit.Site", "SampleStarterKit.Site\SampleStarterKit.Site.csproj", "{19C3924B-687F-4945-89CD-A27F04B38F9C}"
EndProject
Project("{FAE04EC0-301F-11D3-BF4B-00C04F79EFBC}") = "SampleStarterKit.Core", "SampleStarterKit.Core\SampleStarterKit.Core.csproj", "{1B68C47B-D59B-40B3-B086-E1E0B2B353B1}"
EndProject
Project("{FAE04EC0-301F-11D3-BF4B-00C04F79EFBC}") = "SampleStarterKit", "SampleStarterKit\SampleStarterKit.csproj", "{35946392-B763-435C-A7E5-3D742E9BDD5A}"
EndProject
Global
	GlobalSection(SolutionConfigurationPlatforms) = preSolution
		Debug|Any CPU = Debug|Any CPU
		Release|Any CPU = Release|Any CPU
	EndGlobalSection
	GlobalSection(ProjectConfigurationPlatforms) = postSolution
		{5D7567A8-6F57-4889-AE61-06C3CCB49519}.Debug|Any CPU.ActiveCfg = Debug|Any CPU
		{5D7567A8-6F57-4889-AE61-06C3CCB49519}.Debug|Any CPU.Build.0 = Debug|Any CPU
		{5D7567A8-6F57-4889-AE61-06C3CCB49519}.Release|Any CPU.ActiveCfg = Release|Any CPU
		{5D7567A8-6F57-4889-AE61-06C3CCB49519}.Release|Any CPU.Build.0 = Release|Any CPU
		{19C3924B-687F-4945-89CD-A27F04B38F9C}.Debug|Any CPU.ActiveCfg = Debug|Any CPU
		{19C3924B-687F-4945-89CD-A27F04B38F9C}.Debug|Any CPU.Build.0 = Debug|Any CPU
		{19C3924B-687F-4945-89CD-A27F04B38F9C}.Release|Any CPU.ActiveCfg = Release|Any CPU
		{19C3924B-687F-4945-89CD-A27F04B38F9C}.Release|Any CPU.Build.0 = Release|Any CPU
		{1B68C47B-D59B-40B3-B086-E1E0B2B353B1}.Debug|Any CPU.ActiveCfg = Debug|Any CPU
		{1B68C47B-D59B-40B3-B086-E1E0B2B353B1}.Debug|Any CPU.Build.0 = Debug|Any CPU
		{1B68C47B-D59B-40B3-B086-E1E0B2B353B1}.Release|Any CPU.ActiveCfg = Release|Any CPU
		{1B68C47B-D59B-40B3-B086-E1E0B2B353B1}.Release|Any CPU.Build.0 = Release|Any CPU
		{35946392-B763-435C-A7E5-3D742E9BDD5A}.Debug|Any CPU.ActiveCfg = Debug|Any CPU
		{35946392-B763-435C-A7E5-3D742E9BDD5A}.Debug|Any CPU.Build.0 = Debug|Any CPU
		{35946392-B763-435C-A7E5-3D742E9BDD5A}.Release|Any CPU.ActiveCfg = Release|Any CPU
		{35946392-B763-435C-A7E5-3D742E9BDD5A}.Release|Any CPU.Build.0 = Release|Any CPU
	EndGlobalSection
	GlobalSection(SolutionProperties) = preSolution
		HideSolutionNode = FALSE
	EndGlobalSection
	GlobalSection(ExtensibilityGlobals) = postSolution
		SolutionGuid = {4D84EB31-453D-4F44-A40E-DC749CEE2C00}
	EndGlobalSection
EndGlobal
